// !$*UTF8*$!
{
	archiveVersion = 1;
	classes = {
	};
	objectVersion = 46;
	objects = {

/* Begin PBXBuildFile section */
		746F5351C0AA62E18D0BEBF7 /* Pods.framework in Frameworks */ = {isa = PBXBuildFile; fileRef = DBC455964DA42C5B1839D1CA /* Pods.framework */; };
		F5075EE41C4532A400BEA62F /* HTViewController.swift in Sources */ = {isa = PBXBuildFile; fileRef = F5075EE31C4532A400BEA62F /* HTViewController.swift */; };
		F5075EE91C45331100BEA62F /* HTShopVC.swift in Sources */ = {isa = PBXBuildFile; fileRef = F5075EE81C45331100BEA62F /* HTShopVC.swift */; };
		F5075EEB1C45334700BEA62F /* HTDesignerVC.swift in Sources */ = {isa = PBXBuildFile; fileRef = F5075EEA1C45334700BEA62F /* HTDesignerVC.swift */; };
		F5075EED1C45336C00BEA62F /* shop.storyboard in Resources */ = {isa = PBXBuildFile; fileRef = F5075EEC1C45336C00BEA62F /* shop.storyboard */; };
		F5075EEF1C45344F00BEA62F /* designer.storyboard in Resources */ = {isa = PBXBuildFile; fileRef = F5075EEE1C45344F00BEA62F /* designer.storyboard */; };
		F5075EF11C453D4600BEA62F /* HTShopTableViewCell.swift in Sources */ = {isa = PBXBuildFile; fileRef = F5075EF01C453D4600BEA62F /* HTShopTableViewCell.swift */; };
		F5075EF31C4549BC00BEA62F /* HTShopDetailVC.swift in Sources */ = {isa = PBXBuildFile; fileRef = F5075EF21C4549BC00BEA62F /* HTShopDetailVC.swift */; };
		F530F69D1C44BE94007FA569 /* AppDelegate.swift in Sources */ = {isa = PBXBuildFile; fileRef = F530F69C1C44BE94007FA569 /* AppDelegate.swift */; };
		F530F6A21C44BE94007FA569 /* Main.storyboard in Resources */ = {isa = PBXBuildFile; fileRef = F530F6A01C44BE94007FA569 /* Main.storyboard */; };
		F530F6A41C44BE94007FA569 /* Assets.xcassets in Resources */ = {isa = PBXBuildFile; fileRef = F530F6A31C44BE94007FA569 /* Assets.xcassets */; };
		F530F6A71C44BE94007FA569 /* LaunchScreen.storyboard in Resources */ = {isa = PBXBuildFile; fileRef = F530F6A51C44BE94007FA569 /* LaunchScreen.storyboard */; };
		F530F6B21C44BE95007FA569 /* hairtouch_iosTests.swift in Sources */ = {isa = PBXBuildFile; fileRef = F530F6B11C44BE95007FA569 /* hairtouch_iosTests.swift */; };
		F530F6BD1C44BE95007FA569 /* hairtouch_iosUITests.swift in Sources */ = {isa = PBXBuildFile; fileRef = F530F6BC1C44BE95007FA569 /* hairtouch_iosUITests.swift */; };
		F530F6CE1C44C09B007FA569 /* MainVC.swift in Sources */ = {isa = PBXBuildFile; fileRef = F530F6CD1C44C09B007FA569 /* MainVC.swift */; };
		F5E5713C1C46B8A20006592A /* HTDesignerTableViewCell.swift in Sources */ = {isa = PBXBuildFile; fileRef = F5E5713B1C46B8A20006592A /* HTDesignerTableViewCell.swift */; };
		F5E571411C4738CE0006592A /* HTShopModel.swift in Sources */ = {isa = PBXBuildFile; fileRef = F5E571401C4738CE0006592A /* HTShopModel.swift */; };
		F5E571431C475A5D0006592A /* HTDesignerModel.swift in Sources */ = {isa = PBXBuildFile; fileRef = F5E571421C475A5D0006592A /* HTDesignerModel.swift */; };
		F5E571451C47CCF70006592A /* HTMainRegionModel.swift in Sources */ = {isa = PBXBuildFile; fileRef = F5E571441C47CCF70006592A /* HTMainRegionModel.swift */; };
		F5E571471C47CD1B0006592A /* HTSubRegionModel.swift in Sources */ = {isa = PBXBuildFile; fileRef = F5E571461C47CD1B0006592A /* HTSubRegionModel.swift */; };
		F5E571491C47D3BC0006592A /* HTRegionVC.swift in Sources */ = {isa = PBXBuildFile; fileRef = F5E571481C47D3BC0006592A /* HTRegionVC.swift */; };
		F5E5714C1C48BC360006592A /* hair.storyboard in Resources */ = {isa = PBXBuildFile; fileRef = F5E5714B1C48BC360006592A /* hair.storyboard */; };
		F5E5714E1C48BDEC0006592A /* HTHairCategoryVC.swift in Sources */ = {isa = PBXBuildFile; fileRef = F5E5714D1C48BDEC0006592A /* HTHairCategoryVC.swift */; };
		F5E571501C48BE2A0006592A /* HTHairCategoryTableViewCell.swift in Sources */ = {isa = PBXBuildFile; fileRef = F5E5714F1C48BE2A0006592A /* HTHairCategoryTableViewCell.swift */; };
		F5E571521C48BE660006592A /* HTHairCategoryModel.swift in Sources */ = {isa = PBXBuildFile; fileRef = F5E571511C48BE660006592A /* HTHairCategoryModel.swift */; };
		F5E571541C48C1DC0006592A /* HTHairCategoryDetailVC.swift in Sources */ = {isa = PBXBuildFile; fileRef = F5E571531C48C1DC0006592A /* HTHairCategoryDetailVC.swift */; };
/* End PBXBuildFile section */

/* Begin PBXContainerItemProxy section */
		F530F6AE1C44BE95007FA569 /* PBXContainerItemProxy */ = {
			isa = PBXContainerItemProxy;
			containerPortal = F530F6911C44BE94007FA569 /* Project object */;
			proxyType = 1;
			remoteGlobalIDString = F530F6981C44BE94007FA569;
			remoteInfo = hairtouch_ios;
		};
		F530F6B91C44BE95007FA569 /* PBXContainerItemProxy */ = {
			isa = PBXContainerItemProxy;
			containerPortal = F530F6911C44BE94007FA569 /* Project object */;
			proxyType = 1;
			remoteGlobalIDString = F530F6981C44BE94007FA569;
			remoteInfo = hairtouch_ios;
		};
/* End PBXContainerItemProxy section */

/* Begin PBXFileReference section */
		1D02F08F228A7F201C01858E /* Pods.release.xcconfig */ = {isa = PBXFileReference; includeInIndex = 1; lastKnownFileType = text.xcconfig; name = Pods.release.xcconfig; path = "Pods/Target Support Files/Pods/Pods.release.xcconfig"; sourceTree = "<group>"; };
		221E4726EB81438813B11E7F /* Pods.debug.xcconfig */ = {isa = PBXFileReference; includeInIndex = 1; lastKnownFileType = text.xcconfig; name = Pods.debug.xcconfig; path = "Pods/Target Support Files/Pods/Pods.debug.xcconfig"; sourceTree = "<group>"; };
		DBC455964DA42C5B1839D1CA /* Pods.framework */ = {isa = PBXFileReference; explicitFileType = wrapper.framework; includeInIndex = 0; path = Pods.framework; sourceTree = BUILT_PRODUCTS_DIR; };
		F5075EE31C4532A400BEA62F /* HTViewController.swift */ = {isa = PBXFileReference; fileEncoding = 4; lastKnownFileType = sourcecode.swift; path = HTViewController.swift; sourceTree = "<group>"; };
		F5075EE81C45331100BEA62F /* HTShopVC.swift */ = {isa = PBXFileReference; fileEncoding = 4; lastKnownFileType = sourcecode.swift; path = HTShopVC.swift; sourceTree = "<group>"; };
		F5075EEA1C45334700BEA62F /* HTDesignerVC.swift */ = {isa = PBXFileReference; fileEncoding = 4; lastKnownFileType = sourcecode.swift; path = HTDesignerVC.swift; sourceTree = "<group>"; };
		F5075EEC1C45336C00BEA62F /* shop.storyboard */ = {isa = PBXFileReference; fileEncoding = 4; lastKnownFileType = file.storyboard; path = shop.storyboard; sourceTree = "<group>"; };
		F5075EEE1C45344F00BEA62F /* designer.storyboard */ = {isa = PBXFileReference; fileEncoding = 4; lastKnownFileType = file.storyboard; path = designer.storyboard; sourceTree = "<group>"; };
		F5075EF01C453D4600BEA62F /* HTShopTableViewCell.swift */ = {isa = PBXFileReference; fileEncoding = 4; lastKnownFileType = sourcecode.swift; path = HTShopTableViewCell.swift; sourceTree = "<group>"; };
		F5075EF21C4549BC00BEA62F /* HTShopDetailVC.swift */ = {isa = PBXFileReference; fileEncoding = 4; lastKnownFileType = sourcecode.swift; path = HTShopDetailVC.swift; sourceTree = "<group>"; };
		F530F6991C44BE94007FA569 /* hairtouch_ios.app */ = {isa = PBXFileReference; explicitFileType = wrapper.application; includeInIndex = 0; path = hairtouch_ios.app; sourceTree = BUILT_PRODUCTS_DIR; };
		F530F69C1C44BE94007FA569 /* AppDelegate.swift */ = {isa = PBXFileReference; lastKnownFileType = sourcecode.swift; path = AppDelegate.swift; sourceTree = "<group>"; };
		F530F6A11C44BE94007FA569 /* Base */ = {isa = PBXFileReference; lastKnownFileType = file.storyboard; name = Base; path = Base.lproj/Main.storyboard; sourceTree = "<group>"; };
		F530F6A31C44BE94007FA569 /* Assets.xcassets */ = {isa = PBXFileReference; lastKnownFileType = folder.assetcatalog; path = Assets.xcassets; sourceTree = "<group>"; };
		F530F6A61C44BE94007FA569 /* Base */ = {isa = PBXFileReference; lastKnownFileType = file.storyboard; name = Base; path = Base.lproj/LaunchScreen.storyboard; sourceTree = "<group>"; };
		F530F6A81C44BE94007FA569 /* Info.plist */ = {isa = PBXFileReference; lastKnownFileType = text.plist.xml; path = Info.plist; sourceTree = "<group>"; };
		F530F6AD1C44BE95007FA569 /* hairtouch_iosTests.xctest */ = {isa = PBXFileReference; explicitFileType = wrapper.cfbundle; includeInIndex = 0; path = hairtouch_iosTests.xctest; sourceTree = BUILT_PRODUCTS_DIR; };
		F530F6B11C44BE95007FA569 /* hairtouch_iosTests.swift */ = {isa = PBXFileReference; lastKnownFileType = sourcecode.swift; path = hairtouch_iosTests.swift; sourceTree = "<group>"; };
		F530F6B31C44BE95007FA569 /* Info.plist */ = {isa = PBXFileReference; lastKnownFileType = text.plist.xml; path = Info.plist; sourceTree = "<group>"; };
		F530F6B81C44BE95007FA569 /* hairtouch_iosUITests.xctest */ = {isa = PBXFileReference; explicitFileType = wrapper.cfbundle; includeInIndex = 0; path = hairtouch_iosUITests.xctest; sourceTree = BUILT_PRODUCTS_DIR; };
		F530F6BC1C44BE95007FA569 /* hairtouch_iosUITests.swift */ = {isa = PBXFileReference; lastKnownFileType = sourcecode.swift; path = hairtouch_iosUITests.swift; sourceTree = "<group>"; };
		F530F6BE1C44BE95007FA569 /* Info.plist */ = {isa = PBXFileReference; lastKnownFileType = text.plist.xml; path = Info.plist; sourceTree = "<group>"; };
		F530F6CD1C44C09B007FA569 /* MainVC.swift */ = {isa = PBXFileReference; fileEncoding = 4; lastKnownFileType = sourcecode.swift; path = MainVC.swift; sourceTree = "<group>"; };
		F5E5713B1C46B8A20006592A /* HTDesignerTableViewCell.swift */ = {isa = PBXFileReference; fileEncoding = 4; lastKnownFileType = sourcecode.swift; path = HTDesignerTableViewCell.swift; sourceTree = "<group>"; };
		F5E571401C4738CE0006592A /* HTShopModel.swift */ = {isa = PBXFileReference; fileEncoding = 4; lastKnownFileType = sourcecode.swift; path = HTShopModel.swift; sourceTree = "<group>"; };
		F5E571421C475A5D0006592A /* HTDesignerModel.swift */ = {isa = PBXFileReference; fileEncoding = 4; lastKnownFileType = sourcecode.swift; path = HTDesignerModel.swift; sourceTree = "<group>"; };
		F5E571441C47CCF70006592A /* HTMainRegionModel.swift */ = {isa = PBXFileReference; fileEncoding = 4; lastKnownFileType = sourcecode.swift; path = HTMainRegionModel.swift; sourceTree = "<group>"; };
		F5E571461C47CD1B0006592A /* HTSubRegionModel.swift */ = {isa = PBXFileReference; fileEncoding = 4; lastKnownFileType = sourcecode.swift; path = HTSubRegionModel.swift; sourceTree = "<group>"; };
		F5E571481C47D3BC0006592A /* HTRegionVC.swift */ = {isa = PBXFileReference; fileEncoding = 4; lastKnownFileType = sourcecode.swift; path = HTRegionVC.swift; sourceTree = "<group>"; };
		F5E5714B1C48BC360006592A /* hair.storyboard */ = {isa = PBXFileReference; fileEncoding = 4; lastKnownFileType = file.storyboard; path = hair.storyboard; sourceTree = "<group>"; };
		F5E5714D1C48BDEC0006592A /* HTHairCategoryVC.swift */ = {isa = PBXFileReference; fileEncoding = 4; lastKnownFileType = sourcecode.swift; path = HTHairCategoryVC.swift; sourceTree = "<group>"; };
		F5E5714F1C48BE2A0006592A /* HTHairCategoryTableViewCell.swift */ = {isa = PBXFileReference; fileEncoding = 4; lastKnownFileType = sourcecode.swift; path = HTHairCategoryTableViewCell.swift; sourceTree = "<group>"; };
		F5E571511C48BE660006592A /* HTHairCategoryModel.swift */ = {isa = PBXFileReference; fileEncoding = 4; lastKnownFileType = sourcecode.swift; path = HTHairCategoryModel.swift; sourceTree = "<group>"; };
		F5E571531C48C1DC0006592A /* HTHairCategoryDetailVC.swift */ = {isa = PBXFileReference; fileEncoding = 4; lastKnownFileType = sourcecode.swift; path = HTHairCategoryDetailVC.swift; sourceTree = "<group>"; };
/* End PBXFileReference section */

/* Begin PBXFrameworksBuildPhase section */
		F530F6961C44BE94007FA569 /* Frameworks */ = {
			isa = PBXFrameworksBuildPhase;
			buildActionMask = 2147483647;
			files = (
				746F5351C0AA62E18D0BEBF7 /* Pods.framework in Frameworks */,
			);
			runOnlyForDeploymentPostprocessing = 0;
		};
		F530F6AA1C44BE95007FA569 /* Frameworks */ = {
			isa = PBXFrameworksBuildPhase;
			buildActionMask = 2147483647;
			files = (
			);
			runOnlyForDeploymentPostprocessing = 0;
		};
		F530F6B51C44BE95007FA569 /* Frameworks */ = {
			isa = PBXFrameworksBuildPhase;
			buildActionMask = 2147483647;
			files = (
			);
			runOnlyForDeploymentPostprocessing = 0;
		};
/* End PBXFrameworksBuildPhase section */

/* Begin PBXGroup section */
		0CF4974764B5FFEBE789B118 /* Pods */ = {
			isa = PBXGroup;
			children = (
				221E4726EB81438813B11E7F /* Pods.debug.xcconfig */,
				1D02F08F228A7F201C01858E /* Pods.release.xcconfig */,
			);
			name = Pods;
			sourceTree = "<group>";
		};
		BCBA94FE5FF5C1F4760C60B5 /* Frameworks */ = {
			isa = PBXGroup;
			children = (
				DBC455964DA42C5B1839D1CA /* Pods.framework */,
			);
			name = Frameworks;
			sourceTree = "<group>";
		};
		F5075EE11C45320600BEA62F /* designer */ = {
			isa = PBXGroup;
			children = (
				F5075EEE1C45344F00BEA62F /* designer.storyboard */,
				F5075EEA1C45334700BEA62F /* HTDesignerVC.swift */,
				F5E5713B1C46B8A20006592A /* HTDesignerTableViewCell.swift */,
			);
			path = designer;
			sourceTree = "<group>";
		};
		F5075EE21C45320E00BEA62F /* base */ = {
			isa = PBXGroup;
			children = (
				F5075EE31C4532A400BEA62F /* HTViewController.swift */,
			);
			path = base;
			sourceTree = "<group>";
		};
		F5075EE71C45330100BEA62F /* shop */ = {
			isa = PBXGroup;
			children = (
				F5075EEC1C45336C00BEA62F /* shop.storyboard */,
				F5075EE81C45331100BEA62F /* HTShopVC.swift */,
				F5075EF01C453D4600BEA62F /* HTShopTableViewCell.swift */,
				F5075EF21C4549BC00BEA62F /* HTShopDetailVC.swift */,
			);
			path = shop;
			sourceTree = "<group>";
		};
		F530F6901C44BE94007FA569 = {
			isa = PBXGroup;
			children = (
				F530F69B1C44BE94007FA569 /* hairtouch_ios */,
				F530F6B01C44BE95007FA569 /* hairtouch_iosTests */,
				F530F6BB1C44BE95007FA569 /* hairtouch_iosUITests */,
				F530F69A1C44BE94007FA569 /* Products */,
				0CF4974764B5FFEBE789B118 /* Pods */,
				BCBA94FE5FF5C1F4760C60B5 /* Frameworks */,
			);
			sourceTree = "<group>";
		};
		F530F69A1C44BE94007FA569 /* Products */ = {
			isa = PBXGroup;
			children = (
				F530F6991C44BE94007FA569 /* hairtouch_ios.app */,
				F530F6AD1C44BE95007FA569 /* hairtouch_iosTests.xctest */,
				F530F6B81C44BE95007FA569 /* hairtouch_iosUITests.xctest */,
			);
			name = Products;
			sourceTree = "<group>";
		};
		F530F69B1C44BE94007FA569 /* hairtouch_ios */ = {
			isa = PBXGroup;
			children = (
				F5E5714A1C48BC2C0006592A /* hair */,
				F5E5713D1C47389C0006592A /* model */,
				F5075EE21C45320E00BEA62F /* base */,
				F5075EE71C45330100BEA62F /* shop */,
				F5075EE11C45320600BEA62F /* designer */,
				F530F6A01C44BE94007FA569 /* Main.storyboard */,
				F530F6CD1C44C09B007FA569 /* MainVC.swift */,
				F5E571481C47D3BC0006592A /* HTRegionVC.swift */,
				F530F69C1C44BE94007FA569 /* AppDelegate.swift */,
				F530F6A31C44BE94007FA569 /* Assets.xcassets */,
				F530F6A51C44BE94007FA569 /* LaunchScreen.storyboard */,
				F530F6A81C44BE94007FA569 /* Info.plist */,
			);
			path = hairtouch_ios;
			sourceTree = "<group>";
		};
		F530F6B01C44BE95007FA569 /* hairtouch_iosTests */ = {
			isa = PBXGroup;
			children = (
				F530F6B11C44BE95007FA569 /* hairtouch_iosTests.swift */,
				F530F6B31C44BE95007FA569 /* Info.plist */,
			);
			path = hairtouch_iosTests;
			sourceTree = "<group>";
		};
		F530F6BB1C44BE95007FA569 /* hairtouch_iosUITests */ = {
			isa = PBXGroup;
			children = (
				F530F6BC1C44BE95007FA569 /* hairtouch_iosUITests.swift */,
				F530F6BE1C44BE95007FA569 /* Info.plist */,
			);
			path = hairtouch_iosUITests;
			sourceTree = "<group>";
		};
		F5E5713D1C47389C0006592A /* model */ = {
			isa = PBXGroup;
			children = (
				F5E571401C4738CE0006592A /* HTShopModel.swift */,
				F5E571421C475A5D0006592A /* HTDesignerModel.swift */,
				F5E571441C47CCF70006592A /* HTMainRegionModel.swift */,
				F5E571461C47CD1B0006592A /* HTSubRegionModel.swift */,
				F5E571511C48BE660006592A /* HTHairCategoryModel.swift */,
			);
			path = model;
			sourceTree = "<group>";
		};
		F5E5714A1C48BC2C0006592A /* hair */ = {
			isa = PBXGroup;
			children = (
				F5E5714B1C48BC360006592A /* hair.storyboard */,
				F5E5714D1C48BDEC0006592A /* HTHairCategoryVC.swift */,
				F5E571531C48C1DC0006592A /* HTHairCategoryDetailVC.swift */,
				F5E5714F1C48BE2A0006592A /* HTHairCategoryTableViewCell.swift */,
			);
			path = hair;
			sourceTree = "<group>";
		};
/* End PBXGroup section */

/* Begin PBXNativeTarget section */
		F530F6981C44BE94007FA569 /* hairtouch_ios */ = {
			isa = PBXNativeTarget;
			buildConfigurationList = F530F6C11C44BE95007FA569 /* Build configuration list for PBXNativeTarget "hairtouch_ios" */;
			buildPhases = (
				A7FDB1C14E7961D60E1BBAB5 /* Check Pods Manifest.lock */,
				F530F6951C44BE94007FA569 /* Sources */,
				F530F6961C44BE94007FA569 /* Frameworks */,
				F530F6971C44BE94007FA569 /* Resources */,
				B6C3D4B2710855B23C20949A /* Embed Pods Frameworks */,
				F761E5953F6D46CF86A89ADE /* Copy Pods Resources */,
			);
			buildRules = (
			);
			dependencies = (
			);
			name = hairtouch_ios;
			productName = hairtouch_ios;
			productReference = F530F6991C44BE94007FA569 /* hairtouch_ios.app */;
			productType = "com.apple.product-type.application";
		};
		F530F6AC1C44BE95007FA569 /* hairtouch_iosTests */ = {
			isa = PBXNativeTarget;
			buildConfigurationList = F530F6C41C44BE95007FA569 /* Build configuration list for PBXNativeTarget "hairtouch_iosTests" */;
			buildPhases = (
				F530F6A91C44BE95007FA569 /* Sources */,
				F530F6AA1C44BE95007FA569 /* Frameworks */,
				F530F6AB1C44BE95007FA569 /* Resources */,
			);
			buildRules = (
			);
			dependencies = (
				F530F6AF1C44BE95007FA569 /* PBXTargetDependency */,
			);
			name = hairtouch_iosTests;
			productName = hairtouch_iosTests;
			productReference = F530F6AD1C44BE95007FA569 /* hairtouch_iosTests.xctest */;
			productType = "com.apple.product-type.bundle.unit-test";
		};
		F530F6B71C44BE95007FA569 /* hairtouch_iosUITests */ = {
			isa = PBXNativeTarget;
			buildConfigurationList = F530F6C71C44BE95007FA569 /* Build configuration list for PBXNativeTarget "hairtouch_iosUITests" */;
			buildPhases = (
				F530F6B41C44BE95007FA569 /* Sources */,
				F530F6B51C44BE95007FA569 /* Frameworks */,
				F530F6B61C44BE95007FA569 /* Resources */,
			);
			buildRules = (
			);
			dependencies = (
				F530F6BA1C44BE95007FA569 /* PBXTargetDependency */,
			);
			name = hairtouch_iosUITests;
			productName = hairtouch_iosUITests;
			productReference = F530F6B81C44BE95007FA569 /* hairtouch_iosUITests.xctest */;
			productType = "com.apple.product-type.bundle.ui-testing";
		};
/* End PBXNativeTarget section */

/* Begin PBXProject section */
		F530F6911C44BE94007FA569 /* Project object */ = {
			isa = PBXProject;
			attributes = {
				LastSwiftUpdateCheck = 0720;
				LastUpgradeCheck = 0720;
				ORGANIZATIONNAME = "lee taejun";
				TargetAttributes = {
					F530F6981C44BE94007FA569 = {
						CreatedOnToolsVersion = 7.2;
					};
					F530F6AC1C44BE95007FA569 = {
						CreatedOnToolsVersion = 7.2;
						TestTargetID = F530F6981C44BE94007FA569;
					};
					F530F6B71C44BE95007FA569 = {
						CreatedOnToolsVersion = 7.2;
						TestTargetID = F530F6981C44BE94007FA569;
					};
				};
			};
			buildConfigurationList = F530F6941C44BE94007FA569 /* Build configuration list for PBXProject "hairtouch_ios" */;
			compatibilityVersion = "Xcode 3.2";
			developmentRegion = English;
			hasScannedForEncodings = 0;
			knownRegions = (
				en,
				Base,
			);
			mainGroup = F530F6901C44BE94007FA569;
			productRefGroup = F530F69A1C44BE94007FA569 /* Products */;
			projectDirPath = "";
			projectRoot = "";
			targets = (
				F530F6981C44BE94007FA569 /* hairtouch_ios */,
				F530F6AC1C44BE95007FA569 /* hairtouch_iosTests */,
				F530F6B71C44BE95007FA569 /* hairtouch_iosUITests */,
			);
		};
/* End PBXProject section */

/* Begin PBXResourcesBuildPhase section */
		F530F6971C44BE94007FA569 /* Resources */ = {
			isa = PBXResourcesBuildPhase;
			buildActionMask = 2147483647;
			files = (
				F5E5714C1C48BC360006592A /* hair.storyboard in Resources */,
				F5075EEF1C45344F00BEA62F /* designer.storyboard in Resources */,
				F5075EED1C45336C00BEA62F /* shop.storyboard in Resources */,
				F530F6A71C44BE94007FA569 /* LaunchScreen.storyboard in Resources */,
				F530F6A41C44BE94007FA569 /* Assets.xcassets in Resources */,
				F530F6A21C44BE94007FA569 /* Main.storyboard in Resources */,
			);
			runOnlyForDeploymentPostprocessing = 0;
		};
		F530F6AB1C44BE95007FA569 /* Resources */ = {
			isa = PBXResourcesBuildPhase;
			buildActionMask = 2147483647;
			files = (
			);
			runOnlyForDeploymentPostprocessing = 0;
		};
		F530F6B61C44BE95007FA569 /* Resources */ = {
			isa = PBXResourcesBuildPhase;
			buildActionMask = 2147483647;
			files = (
			);
			runOnlyForDeploymentPostprocessing = 0;
		};
/* End PBXResourcesBuildPhase section */

/* Begin PBXShellScriptBuildPhase section */
		A7FDB1C14E7961D60E1BBAB5 /* Check Pods Manifest.lock */ = {
			isa = PBXShellScriptBuildPhase;
			buildActionMask = 2147483647;
			files = (
			);
			inputPaths = (
			);
			name = "Check Pods Manifest.lock";
			outputPaths = (
			);
			runOnlyForDeploymentPostprocessing = 0;
			shellPath = /bin/sh;
			shellScript = "diff \"${PODS_ROOT}/../Podfile.lock\" \"${PODS_ROOT}/Manifest.lock\" > /dev/null\nif [[ $? != 0 ]] ; then\n    cat << EOM\nerror: The sandbox is not in sync with the Podfile.lock. Run 'pod install' or update your CocoaPods installation.\nEOM\n    exit 1\nfi\n";
			showEnvVarsInLog = 0;
		};
		B6C3D4B2710855B23C20949A /* Embed Pods Frameworks */ = {
			isa = PBXShellScriptBuildPhase;
			buildActionMask = 2147483647;
			files = (
			);
			inputPaths = (
			);
			name = "Embed Pods Frameworks";
			outputPaths = (
			);
			runOnlyForDeploymentPostprocessing = 0;
			shellPath = /bin/sh;
			shellScript = "\"${SRCROOT}/Pods/Target Support Files/Pods/Pods-frameworks.sh\"\n";
			showEnvVarsInLog = 0;
		};
		F761E5953F6D46CF86A89ADE /* Copy Pods Resources */ = {
			isa = PBXShellScriptBuildPhase;
			buildActionMask = 2147483647;
			files = (
			);
			inputPaths = (
			);
			name = "Copy Pods Resources";
			outputPaths = (
			);
			runOnlyForDeploymentPostprocessing = 0;
			shellPath = /bin/sh;
			shellScript = "\"${SRCROOT}/Pods/Target Support Files/Pods/Pods-resources.sh\"\n";
			showEnvVarsInLog = 0;
		};
/* End PBXShellScriptBuildPhase section */

/* Begin PBXSourcesBuildPhase section */
		F530F6951C44BE94007FA569 /* Sources */ = {
			isa = PBXSourcesBuildPhase;
			buildActionMask = 2147483647;
			files = (
				F5E571451C47CCF70006592A /* HTMainRegionModel.swift in Sources */,
				F5075EE41C4532A400BEA62F /* HTViewController.swift in Sources */,
				F5E571431C475A5D0006592A /* HTDesignerModel.swift in Sources */,
				F5E571521C48BE660006592A /* HTHairCategoryModel.swift in Sources */,
				F5E571541C48C1DC0006592A /* HTHairCategoryDetailVC.swift in Sources */,
				F5E571411C4738CE0006592A /* HTShopModel.swift in Sources */,
				F5E571471C47CD1B0006592A /* HTSubRegionModel.swift in Sources */,
				F5075EF31C4549BC00BEA62F /* HTShopDetailVC.swift in Sources */,
				F5E571501C48BE2A0006592A /* HTHairCategoryTableViewCell.swift in Sources */,
				F5E571491C47D3BC0006592A /* HTRegionVC.swift in Sources */,
				F5075EF11C453D4600BEA62F /* HTShopTableViewCell.swift in Sources */,
				F5E5713C1C46B8A20006592A /* HTDesignerTableViewCell.swift in Sources */,
				F530F69D1C44BE94007FA569 /* AppDelegate.swift in Sources */,
				F5075EE91C45331100BEA62F /* HTShopVC.swift in Sources */,
				F5075EEB1C45334700BEA62F /* HTDesignerVC.swift in Sources */,
				F5E5714E1C48BDEC0006592A /* HTHairCategoryVC.swift in Sources */,
				F530F6CE1C44C09B007FA569 /* MainVC.swift in Sources */,
			);
			runOnlyForDeploymentPostprocessing = 0;
		};
		F530F6A91C44BE95007FA569 /* Sources */ = {
			isa = PBXSourcesBuildPhase;
			buildActionMask = 2147483647;
			files = (
				F530F6B21C44BE95007FA569 /* hairtouch_iosTests.swift in Sources */,
			);
			runOnlyForDeploymentPostprocessing = 0;
		};
		F530F6B41C44BE95007FA569 /* Sources */ = {
			isa = PBXSourcesBuildPhase;
			buildActionMask = 2147483647;
			files = (
				F530F6BD1C44BE95007FA569 /* hairtouch_iosUITests.swift in Sources */,
			);
			runOnlyForDeploymentPostprocessing = 0;
		};
/* End PBXSourcesBuildPhase section */

/* Begin PBXTargetDependency section */
		F530F6AF1C44BE95007FA569 /* PBXTargetDependency */ = {
			isa = PBXTargetDependency;
			target = F530F6981C44BE94007FA569 /* hairtouch_ios */;
			targetProxy = F530F6AE1C44BE95007FA569 /* PBXContainerItemProxy */;
		};
		F530F6BA1C44BE95007FA569 /* PBXTargetDependency */ = {
			isa = PBXTargetDependency;
			target = F530F6981C44BE94007FA569 /* hairtouch_ios */;
			targetProxy = F530F6B91C44BE95007FA569 /* PBXContainerItemProxy */;
		};
/* End PBXTargetDependency section */

/* Begin PBXVariantGroup section */
		F530F6A01C44BE94007FA569 /* Main.storyboard */ = {
			isa = PBXVariantGroup;
			children = (
				F530F6A11C44BE94007FA569 /* Base */,
			);
			name = Main.storyboard;
			sourceTree = "<group>";
		};
		F530F6A51C44BE94007FA569 /* LaunchScreen.storyboard */ = {
			isa = PBXVariantGroup;
			children = (
				F530F6A61C44BE94007FA569 /* Base */,
			);
			name = LaunchScreen.storyboard;
			sourceTree = "<group>";
		};
/* End PBXVariantGroup section */

/* Begin XCBuildConfiguration section */
		F530F6BF1C44BE95007FA569 /* Debug */ = {
			isa = XCBuildConfiguration;
			buildSettings = {
				ALWAYS_SEARCH_USER_PATHS = NO;
				CLANG_CXX_LANGUAGE_STANDARD = "gnu++0x";
				CLANG_CXX_LIBRARY = "libc++";
				CLANG_ENABLE_MODULES = YES;
				CLANG_ENABLE_OBJC_ARC = YES;
				CLANG_WARN_BOOL_CONVERSION = YES;
				CLANG_WARN_CONSTANT_CONVERSION = YES;
				CLANG_WARN_DIRECT_OBJC_ISA_USAGE = YES_ERROR;
				CLANG_WARN_EMPTY_BODY = YES;
				CLANG_WARN_ENUM_CONVERSION = YES;
				CLANG_WARN_INT_CONVERSION = YES;
				CLANG_WARN_OBJC_ROOT_CLASS = YES_ERROR;
				CLANG_WARN_UNREACHABLE_CODE = YES;
				CLANG_WARN__DUPLICATE_METHOD_MATCH = YES;
				"CODE_SIGN_IDENTITY[sdk=iphoneos*]" = "iPhone Developer";
				COPY_PHASE_STRIP = NO;
				DEBUG_INFORMATION_FORMAT = dwarf;
				ENABLE_STRICT_OBJC_MSGSEND = YES;
				ENABLE_TESTABILITY = YES;
				GCC_C_LANGUAGE_STANDARD = gnu99;
				GCC_DYNAMIC_NO_PIC = NO;
				GCC_NO_COMMON_BLOCKS = YES;
				GCC_OPTIMIZATION_LEVEL = 0;
				GCC_PREPROCESSOR_DEFINITIONS = (
					"DEBUG=1",
					"$(inherited)",
				);
				GCC_WARN_64_TO_32_BIT_CONVERSION = YES;
				GCC_WARN_ABOUT_RETURN_TYPE = YES_ERROR;
				GCC_WARN_UNDECLARED_SELECTOR = YES;
				GCC_WARN_UNINITIALIZED_AUTOS = YES_AGGRESSIVE;
				GCC_WARN_UNUSED_FUNCTION = YES;
				GCC_WARN_UNUSED_VARIABLE = YES;
				IPHONEOS_DEPLOYMENT_TARGET = 9.2;
				MTL_ENABLE_DEBUG_INFO = YES;
				ONLY_ACTIVE_ARCH = YES;
				SDKROOT = iphoneos;
				SWIFT_OPTIMIZATION_LEVEL = "-Onone";
			};
			name = Debug;
		};
		F530F6C01C44BE95007FA569 /* Release */ = {
			isa = XCBuildConfiguration;
			buildSettings = {
				ALWAYS_SEARCH_USER_PATHS = NO;
				CLANG_CXX_LANGUAGE_STANDARD = "gnu++0x";
				CLANG_CXX_LIBRARY = "libc++";
				CLANG_ENABLE_MODULES = YES;
				CLANG_ENABLE_OBJC_ARC = YES;
				CLANG_WARN_BOOL_CONVERSION = YES;
				CLANG_WARN_CONSTANT_CONVERSION = YES;
				CLANG_WARN_DIRECT_OBJC_ISA_USAGE = YES_ERROR;
				CLANG_WARN_EMPTY_BODY = YES;
				CLANG_WARN_ENUM_CONVERSION = YES;
				CLANG_WARN_INT_CONVERSION = YES;
				CLANG_WARN_OBJC_ROOT_CLASS = YES_ERROR;
				CLANG_WARN_UNREACHABLE_CODE = YES;
				CLANG_WARN__DUPLICATE_METHOD_MATCH = YES;
				"CODE_SIGN_IDENTITY[sdk=iphoneos*]" = "iPhone Developer";
				COPY_PHASE_STRIP = NO;
				DEBUG_INFORMATION_FORMAT = "dwarf-with-dsym";
				ENABLE_NS_ASSERTIONS = NO;
				ENABLE_STRICT_OBJC_MSGSEND = YES;
				GCC_C_LANGUAGE_STANDARD = gnu99;
				GCC_NO_COMMON_BLOCKS = YES;
				GCC_WARN_64_TO_32_BIT_CONVERSION = YES;
				GCC_WARN_ABOUT_RETURN_TYPE = YES_ERROR;
				GCC_WARN_UNDECLARED_SELECTOR = YES;
				GCC_WARN_UNINITIALIZED_AUTOS = YES_AGGRESSIVE;
				GCC_WARN_UNUSED_FUNCTION = YES;
				GCC_WARN_UNUSED_VARIABLE = YES;
				IPHONEOS_DEPLOYMENT_TARGET = 9.2;
				MTL_ENABLE_DEBUG_INFO = NO;
				SDKROOT = iphoneos;
				VALIDATE_PRODUCT = YES;
			};
			name = Release;
		};
		F530F6C21C44BE95007FA569 /* Debug */ = {
			isa = XCBuildConfiguration;
			baseConfigurationReference = 221E4726EB81438813B11E7F /* Pods.debug.xcconfig */;
			buildSettings = {
				ASSETCATALOG_COMPILER_APPICON_NAME = AppIcon;
				INFOPLIST_FILE = hairtouch_ios/Info.plist;
				LD_RUNPATH_SEARCH_PATHS = "$(inherited) @executable_path/Frameworks";
				PRODUCT_BUNDLE_IDENTIFIER = "kr.co.hairtouch.hairtouch-ios";
				PRODUCT_NAME = "$(TARGET_NAME)";
			};
			name = Debug;
		};
		F530F6C31C44BE95007FA569 /* Release */ = {
			isa = XCBuildConfiguration;
			baseConfigurationReference = 1D02F08F228A7F201C01858E /* Pods.release.xcconfig */;
			buildSettings = {
				ASSETCATALOG_COMPILER_APPICON_NAME = AppIcon;
				INFOPLIST_FILE = hairtouch_ios/Info.plist;
				LD_RUNPATH_SEARCH_PATHS = "$(inherited) @executable_path/Frameworks";
				PRODUCT_BUNDLE_IDENTIFIER = "kr.co.hairtouch.hairtouch-ios";
				PRODUCT_NAME = "$(TARGET_NAME)";
			};
			name = Release;
		};
		F530F6C51C44BE95007FA569 /* Debug */ = {
			isa = XCBuildConfiguration;
			buildSettings = {
				BUNDLE_LOADER = "$(TEST_HOST)";
				INFOPLIST_FILE = hairtouch_iosTests/Info.plist;
				LD_RUNPATH_SEARCH_PATHS = "$(inherited) @executable_path/Frameworks @loader_path/Frameworks";
				PRODUCT_BUNDLE_IDENTIFIER = "kr.co.hairtouch.hairtouch-iosTests";
				PRODUCT_NAME = "$(TARGET_NAME)";
				TEST_HOST = "$(BUILT_PRODUCTS_DIR)/hairtouch_ios.app/hairtouch_ios";
			};
			name = Debug;
		};
		F530F6C61C44BE95007FA569 /* Release */ = {
			isa = XCBuildConfiguration;
			buildSettings = {
				BUNDLE_LOADER = "$(TEST_HOST)";
				INFOPLIST_FILE = hairtouch_iosTests/Info.plist;
				LD_RUNPATH_SEARCH_PATHS = "$(inherited) @executable_path/Frameworks @loader_path/Frameworks";
				PRODUCT_BUNDLE_IDENTIFIER = "kr.co.hairtouch.hairtouch-iosTests";
				PRODUCT_NAME = "$(TARGET_NAME)";
				TEST_HOST = "$(BUILT_PRODUCTS_DIR)/hairtouch_ios.app/hairtouch_ios";
			};
			name = Release;
		};
		F530F6C81C44BE95007FA569 /* Debug */ = {
			isa = XCBuildConfiguration;
			buildSettings = {
				INFOPLIST_FILE = hairtouch_iosUITests/Info.plist;
				LD_RUNPATH_SEARCH_PATHS = "$(inherited) @executable_path/Frameworks @loader_path/Frameworks";
				PRODUCT_BUNDLE_IDENTIFIER = "kr.co.hairtouch.hairtouch-iosUITests";
				PRODUCT_NAME = "$(TARGET_NAME)";
				TEST_TARGET_NAME = hairtouch_ios;
				USES_XCTRUNNER = YES;
			};
			name = Debug;
		};
		F530F6C91C44BE95007FA569 /* Release */ = {
			isa = XCBuildConfiguration;
			buildSettings = {
				INFOPLIST_FILE = hairtouch_iosUITests/Info.plist;
				LD_RUNPATH_SEARCH_PATHS = "$(inherited) @executable_path/Frameworks @loader_path/Frameworks";
				PRODUCT_BUNDLE_IDENTIFIER = "kr.co.hairtouch.hairtouch-iosUITests";
				PRODUCT_NAME = "$(TARGET_NAME)";
				TEST_TARGET_NAME = hairtouch_ios;
				USES_XCTRUNNER = YES;
			};
			name = Release;
		};
/* End XCBuildConfiguration section */

/* Begin XCConfigurationList section */
		F530F6941C44BE94007FA569 /* Build configuration list for PBXProject "hairtouch_ios" */ = {
			isa = XCConfigurationList;
			buildConfigurations = (
				F530F6BF1C44BE95007FA569 /* Debug */,
				F530F6C01C44BE95007FA569 /* Release */,
			);
			defaultConfigurationIsVisible = 0;
			defaultConfigurationName = Release;
		};
		F530F6C11C44BE95007FA569 /* Build configuration list for PBXNativeTarget "hairtouch_ios" */ = {
			isa = XCConfigurationList;
			buildConfigurations = (
				F530F6C21C44BE95007FA569 /* Debug */,
				F530F6C31C44BE95007FA569 /* Release */,
			);
			defaultConfigurationIsVisible = 0;
			defaultConfigurationName = Release;
		};
		F530F6C41C44BE95007FA569 /* Build configuration list for PBXNativeTarget "hairtouch_iosTests" */ = {
			isa = XCConfigurationList;
			buildConfigurations = (
				F530F6C51C44BE95007FA569 /* Debug */,
				F530F6C61C44BE95007FA569 /* Release */,
			);
			defaultConfigurationIsVisible = 0;
			defaultConfigurationName = Release;
		};
		F530F6C71C44BE95007FA569 /* Build configuration list for PBXNativeTarget "hairtouch_iosUITests" */ = {
			isa = XCConfigurationList;
			buildConfigurations = (
				F530F6C81C44BE95007FA569 /* Debug */,
				F530F6C91C44BE95007FA569 /* Release */,
			);
			defaultConfigurationIsVisible = 0;
			defaultConfigurationName = Release;
		};
/* End XCConfigurationList section */
	};
	rootObject = F530F6911C44BE94007FA569 /* Project object */;
}
